
Microsoft Visual Studio Solution File, Format Version 12.00
# Visual Studio Version 17
VisualStudioVersion = 17.4.33213.308
MinimumVisualStudioVersion = 10.0.40219.1
Project("{FAE04EC0-301F-11D3-BF4B-00C04F79EFBC}") = "Pleer 3.0", "WpfApp2\Pleer 3.0.csproj", "{ED052378-EC3B-4439-B07F-8582E28B8261}"
EndProject
Global
	GlobalSection(SolutionConfigurationPlatforms) = preSolution
		Debug|Any CPU = Debug|Any CPU
		Release|Any CPU = Release|Any CPU
	EndGlobalSection
	GlobalSection(ProjectConfigurationPlatforms) = postSolution
		{ED052378-EC3B-4439-B07F-8582E28B8261}.Debug|Any CPU.ActiveCfg = Debug|Any CPU
		{ED052378-EC3B-4439-B07F-8582E28B8261}.Debug|Any CPU.Build.0 = Debug|Any CPU
		{ED052378-EC3B-4439-B07F-8582E28B8261}.Release|Any CPU.ActiveCfg = Release|Any CPU
		{ED052378-EC3B-4439-B07F-8582E28B8261}.Release|Any CPU.Build.0 = Release|Any CPU
	EndGlobalSection
	GlobalSection(SolutionProperties) = preSolution
		HideSolutionNode = FALSE
	EndGlobalSection
	GlobalSection(ExtensibilityGlobals) = postSolution
		SolutionGuid = {80BDA808-52A3-443F-BEDA-62B8F18D734F}
	EndGlobalSection
EndGlobal
